
Microsoft Visual Studio Solution File, Format Version 12.00
# Visual Studio Version 16
VisualStudioVersion = 16.0.29001.49
MinimumVisualStudioVersion = 10.0.40219.1
Project("{FAE04EC0-301F-11D3-BF4B-00C04F79EFBC}") = "Data", "Data\Data.csproj", "{987242EB-DB0F-4AFB-9655-6E533AD30547}"
EndProject
Global
	GlobalSection(SolutionConfigurationPlatforms) = preSolution
		Debug|Any CPU = Debug|Any CPU
		Release|Any CPU = Release|Any CPU
	EndGlobalSection
	GlobalSection(ProjectConfigurationPlatforms) = postSolution
		{987242EB-DB0F-4AFB-9655-6E533AD30547}.Debug|Any CPU.ActiveCfg = Debug|Any CPU
		{987242EB-DB0F-4AFB-9655-6E533AD30547}.Debug|Any CPU.Build.0 = Debug|Any CPU
		{987242EB-DB0F-4AFB-9655-6E533AD30547}.Release|Any CPU.ActiveCfg = Release|Any CPU
		{987242EB-DB0F-4AFB-9655-6E533AD30547}.Release|Any CPU.Build.0 = Release|Any CPU
	EndGlobalSection
	GlobalSection(SolutionProperties) = preSolution
		HideSolutionNode = FALSE
	EndGlobalSection
	GlobalSection(ExtensibilityGlobals) = postSolution
		SolutionGuid = {9C8FBB9C-9D02-40C6-8EB5-BEEDCC415051}
	EndGlobalSection
EndGlobal
